# THIS IS AN AUTOGENERATED FILE. DO NOT EDIT THIS FILE DIRECTLY.
# yarn lockfile v1


"@types/node@^8.0.47":
  version "8.0.47"
  resolved "https://registry.yarnpkg.com/@types/node/-/node-8.0.47.tgz#968e596f91acd59069054558a00708c445ca30c2"

async-limiter@~1.0.0:
  version "1.0.0"
  resolved "https://registry.yarnpkg.com/async-limiter/-/async-limiter-1.0.0.tgz#78faed8c3d074ab81f22b4e985d79e8738f720f8"

babel-runtime@^6.18.0:
  version "6.26.0"
  resolved "https://registry.yarnpkg.com/babel-runtime/-/babel-runtime-6.26.0.tgz#965c7058668e82b55d7bfe04ff2337bc8b5647fe"
  dependencies:
    core-js "^2.4.0"
    regenerator-runtime "^0.11.0"

common-tags@^1.4.0:
  version "1.4.0"
  resolved "https://registry.yarnpkg.com/common-tags/-/common-tags-1.4.0.tgz#1187be4f3d4cf0c0427d43f74eef1f73501614c0"
  dependencies:
    babel-runtime "^6.18.0"

core-js@^2.4.0:
  version "2.5.1"
  resolved "https://registry.yarnpkg.com/core-js/-/core-js-2.5.1.tgz#ae6874dc66937789b80754ff5428df66819ca50b"

discord.js-commando@^0.9.0:
  version "0.9.0"
  resolved "https://registry.yarnpkg.com/discord.js-commando/-/discord.js-commando-0.9.0.tgz#f9dcfeb6b8cab8cc585cd5cc7ca6c1c4a99a2e94"
  dependencies:
    common-tags "^1.4.0"
    escape-string-regexp "^1.0.0"
    require-all "^2.0.0"

discord.js@^11.2.1:
  version "11.2.1"
  resolved "https://registry.yarnpkg.com/discord.js/-/discord.js-11.2.1.tgz#bfc0f5a8b6398dc372d026e503592646456053fc"
  dependencies:
    long "^3.2.0"
    prism-media "^0.0.1"
    snekfetch "^3.3.0"
    tweetnacl "^1.0.0"
    ws "^3.1.0"

dotenv@^4.0.0:
  version "4.0.0"
  resolved "https://registry.yarnpkg.com/dotenv/-/dotenv-4.0.0.tgz#864ef1379aced55ce6f95debecdce179f7a0cd1d"

escape-string-regexp@^1.0.0:
  version "1.0.5"
  resolved "https://registry.yarnpkg.com/escape-string-regexp/-/escape-string-regexp-1.0.5.tgz#1b61c0562190a8dff6ae3bb2cf0200ca130b86d4"

long@^3.2.0:
  version "3.2.0"
  resolved "https://registry.yarnpkg.com/long/-/long-3.2.0.tgz#d821b7138ca1cb581c172990ef14db200b5c474b"

prism-media@^0.0.1:
  version "0.0.1"
  resolved "https://registry.yarnpkg.com/prism-media/-/prism-media-0.0.1.tgz#a3425c9cabd50d1c6c02e543941a11895667bd10"

regenerator-runtime@^0.11.0:
  version "0.11.0"
  resolved "https://registry.yarnpkg.com/regenerator-runtime/-/regenerator-runtime-0.11.0.tgz#7e54fe5b5ccd5d6624ea6255c3473be090b802e1"

require-all@^2.0.0:
  version "2.2.0"
  resolved "https://registry.yarnpkg.com/require-all/-/require-all-2.2.0.tgz#b4420c233ac0282d0ff49b277fb880a8b5de0894"

safe-buffer@~5.1.0:
  version "5.1.1"
  resolved "https://registry.yarnpkg.com/safe-buffer/-/safe-buffer-5.1.1.tgz#893312af69b2123def71f57889001671eeb2c853"

snekfetch@^3.3.0:
  version "3.5.8"
  resolved "https://registry.yarnpkg.com/snekfetch/-/snekfetch-3.5.8.tgz#4d4e539f8435352105e74c392f62f66740a27d6c"

tweetnacl@^1.0.0:
  version "1.0.0"
  resolved "https://registry.yarnpkg.com/tweetnacl/-/tweetnacl-1.0.0.tgz#713d8b818da42068740bf68386d0479e66fc8a7b"

typescript@^2.6.1:
  version "2.6.1"
  resolved "https://registry.yarnpkg.com/typescript/-/typescript-2.6.1.tgz#ef39cdea27abac0b500242d6726ab90e0c846631"

ultron@~1.1.0:
  version "1.1.0"
  resolved "https://registry.yarnpkg.com/ultron/-/ultron-1.1.0.tgz#b07a2e6a541a815fc6a34ccd4533baec307ca864"

ws@^3.1.0:
  version "3.2.0"
  resolved "https://registry.yarnpkg.com/ws/-/ws-3.2.0.tgz#d5d3d6b11aff71e73f808f40cc69d52bb6d4a185"
  dependencies:
    async-limiter "~1.0.0"
    safe-buffer "~5.1.0"
    ultron "~1.1.0"
